
Microsoft Visual Studio Solution File, Format Version 12.00
# Visual Studio 14
VisualStudioVersion = 14.0.24720.0
MinimumVisualStudioVersion = 10.0.40219.1
Project("{FAE04EC0-301F-11D3-BF4B-00C04F79EFBC}") = "GenerateCombinationsIteratively", "Combinatorial\GenerateCombinationsIteratively.csproj", "{88A03F51-61C5-4485-BB3E-7069DD4BACA1}"
EndProject
Project("{FAE04EC0-301F-11D3-BF4B-00C04F79EFBC}") = "GenerateSubsetsOfStringArray", "GenerateSubsetsOfStringArray\GenerateSubsetsOfStringArray.csproj", "{DB3D9992-54F1-4F7B-9655-E334F9618284}"
EndProject
Project("{FAE04EC0-301F-11D3-BF4B-00C04F79EFBC}") = "PermutationsWithRepetition", "PermutationsWithRepetition\PermutationsWithRepetition.csproj", "{955C4828-A5F4-4848-A18A-C0B88F57D75D}"
EndProject
Global
	GlobalSection(SolutionConfigurationPlatforms) = preSolution
		Debug|Any CPU = Debug|Any CPU
		Release|Any CPU = Release|Any CPU
	EndGlobalSection
	GlobalSection(ProjectConfigurationPlatforms) = postSolution
		{88A03F51-61C5-4485-BB3E-7069DD4BACA1}.Debug|Any CPU.ActiveCfg = Debug|Any CPU
		{88A03F51-61C5-4485-BB3E-7069DD4BACA1}.Debug|Any CPU.Build.0 = Debug|Any CPU
		{88A03F51-61C5-4485-BB3E-7069DD4BACA1}.Release|Any CPU.ActiveCfg = Release|Any CPU
		{88A03F51-61C5-4485-BB3E-7069DD4BACA1}.Release|Any CPU.Build.0 = Release|Any CPU
		{DB3D9992-54F1-4F7B-9655-E334F9618284}.Debug|Any CPU.ActiveCfg = Debug|Any CPU
		{DB3D9992-54F1-4F7B-9655-E334F9618284}.Debug|Any CPU.Build.0 = Debug|Any CPU
		{DB3D9992-54F1-4F7B-9655-E334F9618284}.Release|Any CPU.ActiveCfg = Release|Any CPU
		{DB3D9992-54F1-4F7B-9655-E334F9618284}.Release|Any CPU.Build.0 = Release|Any CPU
		{955C4828-A5F4-4848-A18A-C0B88F57D75D}.Debug|Any CPU.ActiveCfg = Debug|Any CPU
		{955C4828-A5F4-4848-A18A-C0B88F57D75D}.Debug|Any CPU.Build.0 = Debug|Any CPU
		{955C4828-A5F4-4848-A18A-C0B88F57D75D}.Release|Any CPU.ActiveCfg = Release|Any CPU
		{955C4828-A5F4-4848-A18A-C0B88F57D75D}.Release|Any CPU.Build.0 = Release|Any CPU
	EndGlobalSection
	GlobalSection(SolutionProperties) = preSolution
		HideSolutionNode = FALSE
	EndGlobalSection
EndGlobal
